
Microsoft Visual Studio Solution File, Format Version 12.00
# Visual Studio 14
VisualStudioVersion = 14.0.25420.1
MinimumVisualStudioVersion = 10.0.40219.1
Project("{8BC9CEB8-8B4A-11D0-8D11-00A0C91BC942}") = "Ed_2000_simpleMidi", "Arduino\Ed_2000_simpleMidi\Ed_2000_simpleMidi.vcxproj", "{C5F80730-F44F-4478-BDAE-6634EFC2CA88}"
EndProject
Project("{8BC9CEB8-8B4A-11D0-8D11-00A0C91BC942}") = "Ed_2000_simpleSerial", "Arduino\Ed_2000_simpleSerial\Ed_2000_simpleSerial.vcxproj", "{B17DC9DC-49E6-4509-AF07-2345162D9C2F}"
EndProject
Project("{8BC9CEB8-8B4A-11D0-8D11-00A0C91BC942}") = "Ed_2000_WiiChuck", "Arduino\Ed_2000_WiiChuck\Ed_2000_WiiChuck.vcxproj", "{6DCA3982-1DC1-4B4A-95FD-2F80D263D3A9}"
EndProject
Project("{8BC9CEB8-8B4A-11D0-8D11-00A0C91BC942}") = "Ed_2000_WiiChuckSerial", "Arduino\Ed_2000_WiiChuckSerial\Ed_2000_WiiChuckSerial.vcxproj", "{521FEEB5-DE7C-4A30-83A6-F0ED953C41B6}"
EndProject
Project("{8BC9CEB8-8B4A-11D0-8D11-00A0C91BC942}") = "Edt_2000_WiirelessChuckSerial", "Arduino\Edt_2000_WiirelessChuckSerial\Edt_2000_WiirelessChuckSerial.vcxproj", "{B938A7D8-20DE-43BE-9921-E9B5AF66FEF8}"
EndProject
Project("{8BC9CEB8-8B4A-11D0-8D11-00A0C91BC942}") = "Edt_2000_OSC_Test1", "Arduino\Edt_2000_OSC_Test1\Edt_2000_OSC_Test1.vcxproj", "{FEB2D760-5711-42AD-993F-D6512FEE4216}"
EndProject
Project("{8BC9CEB8-8B4A-11D0-8D11-00A0C91BC942}") = "Edt_2000_OSC_Test2Server", "Arduino\Edt_2000_OSC_Test2Server\Edt_2000_OSC_Test2Server.vcxproj", "{06ADAB15-B0E2-464E-80A9-F6FA231FD0DF}"
EndProject
Project("{FAE04EC0-301F-11D3-BF4B-00C04F79EFBC}") = "Edt_2000_OCS_Mirror", "CSharp\Edt_2000_OCS_Mirror\Edt_2000_OCS_Mirror.csproj", "{49B06E36-40B2-4A22-91CC-0FCE51273D22}"
EndProject
Project("{FAE04EC0-301F-11D3-BF4B-00C04F79EFBC}") = "Edt_Broadcaster_v1", "CSharp\Edt_Broadcaster_v1\Edt_Broadcaster_v1.csproj", "{71D48D98-DE64-4EBE-8C97-5C6A9C1FDC07}"
EndProject
Project("{FAE04EC0-301F-11D3-BF4B-00C04F79EFBC}") = "SharpOSC", "CSharp\libraries\SharpOSC-master\SharpOSC\SharpOSC.csproj", "{9B922B0B-5595-4E05-8270-F63FAAA6C299}"
EndProject
Project("{8BC9CEB8-8B4A-11D0-8D11-00A0C91BC942}") = "Edt_2000_PlatformIOTest", "Arduino\Edt_2000_PlatformIOTest\platformio.vcxproj", "{0FA9C3A8-452B-41EF-A418-9102B170F49F}"
EndProject
Project("{8BC9CEB8-8B4A-11D0-8D11-00A0C91BC942}") = "Edt_2000_ESP8266Test", "Arduino\Edt_2000_ESP8266Test\Edt_2000_ESP8266Test.vcxproj", "{08F50A45-B862-4E06-BEEE-4283780615F8}"
EndProject
Project("{8BC9CEB8-8B4A-11D0-8D11-00A0C91BC942}") = "Edt_Suit_v1", "Arduino\Edt_Suit_v1\Edt_Suit_v1.vcxproj", "{EC8A562E-211D-4371-9961-23C7409CB70C}"
EndProject
Project("{8BC9CEB8-8B4A-11D0-8D11-00A0C91BC942}") = "Edt-lib", "Arduino\libraries\Edt-lib\Edt-lib.vcxproj", "{719BC75F-CAD4-4AA2-A202-10BDB5331DC3}"
EndProject
Project("{8BC9CEB8-8B4A-11D0-8D11-00A0C91BC942}") = "Edt_Trak_v1", "Arduino\Edt_Trak_v1\Edt_Trak_v1.vcxproj", "{46ADCAAC-A212-4F48-9140-F567C56DB885}"
EndProject
Project("{8BC9CEB8-8B4A-11D0-8D11-00A0C91BC942}") = "Edt_2000_WiiChuckClass", "Arduino\Edt_2000_WiiChuckClass\Edt_2000_WiiChuckClass.vcxproj", "{7D4A2004-D4D2-4D82-9966-A1A7D8CEAF8A}"
EndProject
Project("{8BC9CEB8-8B4A-11D0-8D11-00A0C91BC942}") = "Edt_MOSCIDI_v1", "Arduino\Edt_MOSCIDI_v1\Edt_MOSCIDI_v1.vcxproj", "{85294E9E-4400-4F4F-A2EC-225F607B5C92}"
EndProject
Project("{FAE04EC0-301F-11D3-BF4B-00C04F79EFBC}") = "Edt_2000_OSCGenerator", "CSharp\Edt_2000_OSCGenerator\Edt_2000_OSCGenerator.csproj", "{AF2320D3-CD6A-413B-8F1A-041B9CA14731}"
EndProject
Project("{FAE04EC0-301F-11D3-BF4B-00C04F79EFBC}") = "Edt_2000_OSCMonitor", "CSharp\Edt_2000_OSCMonitor\Edt_2000_OSCMonitor.csproj", "{FBD0A01F-8BE5-451E-BC73-140A86C4F3CE}"
EndProject
Project("{8BC9CEB8-8B4A-11D0-8D11-00A0C91BC942}") = "Edt_Suit_v0", "Arduino\Edt_Suit_v0\Edt_Suit_v0.vcxproj", "{BD81E59B-97AA-4127-9F3C-C9B11937BE76}"
EndProject
Project("{8BC9CEB8-8B4A-11D0-8D11-00A0C91BC942}") = "Edt_2000_OSC_Test3Ping", "Arduino\Edt_2000_OSC_Test3Ping\Edt_2000_OSC_Test3Ping.vcxproj", "{BD68CBB6-C244-4BAE-A3A4-B740477E5CB8}"
EndProject
Project("{8BC9CEB8-8B4A-11D0-8D11-00A0C91BC942}") = "Edt_2000_OSC_Test3Pong", "Arduino\Edt_2000_OSC_Test3Pong\Edt_2000_OSC_Test3Pong.vcxproj", "{25EAFC9B-E859-4AE6-A74F-FE9641A184C1}"
EndProject
Global
	GlobalSection(SolutionConfigurationPlatforms) = preSolution
		Debug|Any CPU = Debug|Any CPU
		Debug|Mixed Platforms = Debug|Mixed Platforms
		Debug|x64 = Debug|x64
		Debug|x86 = Debug|x86
		Release|Any CPU = Release|Any CPU
		Release|Mixed Platforms = Release|Mixed Platforms
		Release|x64 = Release|x64
		Release|x86 = Release|x86
	EndGlobalSection
	GlobalSection(ProjectConfigurationPlatforms) = postSolution
		{C5F80730-F44F-4478-BDAE-6634EFC2CA88}.Debug|Any CPU.ActiveCfg = Debug|Win32
		{C5F80730-F44F-4478-BDAE-6634EFC2CA88}.Debug|Mixed Platforms.ActiveCfg = Debug|Win32
		{C5F80730-F44F-4478-BDAE-6634EFC2CA88}.Debug|Mixed Platforms.Build.0 = Debug|Win32
		{C5F80730-F44F-4478-BDAE-6634EFC2CA88}.Debug|x64.ActiveCfg = Debug|Win32
		{C5F80730-F44F-4478-BDAE-6634EFC2CA88}.Debug|x86.ActiveCfg = Debug|Win32
		{C5F80730-F44F-4478-BDAE-6634EFC2CA88}.Debug|x86.Build.0 = Debug|Win32
		{C5F80730-F44F-4478-BDAE-6634EFC2CA88}.Release|Any CPU.ActiveCfg = Release|Win32
		{C5F80730-F44F-4478-BDAE-6634EFC2CA88}.Release|Mixed Platforms.ActiveCfg = Release|Win32
		{C5F80730-F44F-4478-BDAE-6634EFC2CA88}.Release|Mixed Platforms.Build.0 = Release|Win32
		{C5F80730-F44F-4478-BDAE-6634EFC2CA88}.Release|x64.ActiveCfg = Release|Win32
		{C5F80730-F44F-4478-BDAE-6634EFC2CA88}.Release|x86.ActiveCfg = Release|Win32
		{C5F80730-F44F-4478-BDAE-6634EFC2CA88}.Release|x86.Build.0 = Release|Win32
		{B17DC9DC-49E6-4509-AF07-2345162D9C2F}.Debug|Any CPU.ActiveCfg = Debug|Win32
		{B17DC9DC-49E6-4509-AF07-2345162D9C2F}.Debug|Mixed Platforms.ActiveCfg = Debug|Win32
		{B17DC9DC-49E6-4509-AF07-2345162D9C2F}.Debug|Mixed Platforms.Build.0 = Debug|Win32
		{B17DC9DC-49E6-4509-AF07-2345162D9C2F}.Debug|x64.ActiveCfg = Debug|Win32
		{B17DC9DC-49E6-4509-AF07-2345162D9C2F}.Debug|x86.ActiveCfg = Debug|Win32
		{B17DC9DC-49E6-4509-AF07-2345162D9C2F}.Debug|x86.Build.0 = Debug|Win32
		{B17DC9DC-49E6-4509-AF07-2345162D9C2F}.Release|Any CPU.ActiveCfg = Release|Win32
		{B17DC9DC-49E6-4509-AF07-2345162D9C2F}.Release|Mixed Platforms.ActiveCfg = Release|Win32
		{B17DC9DC-49E6-4509-AF07-2345162D9C2F}.Release|Mixed Platforms.Build.0 = Release|Win32
		{B17DC9DC-49E6-4509-AF07-2345162D9C2F}.Release|x64.ActiveCfg = Release|Win32
		{B17DC9DC-49E6-4509-AF07-2345162D9C2F}.Release|x86.ActiveCfg = Release|Win32
		{B17DC9DC-49E6-4509-AF07-2345162D9C2F}.Release|x86.Build.0 = Release|Win32
		{6DCA3982-1DC1-4B4A-95FD-2F80D263D3A9}.Debug|Any CPU.ActiveCfg = Debug|Win32
		{6DCA3982-1DC1-4B4A-95FD-2F80D263D3A9}.Debug|Mixed Platforms.ActiveCfg = Debug|Win32
		{6DCA3982-1DC1-4B4A-95FD-2F80D263D3A9}.Debug|Mixed Platforms.Build.0 = Debug|Win32
		{6DCA3982-1DC1-4B4A-95FD-2F80D263D3A9}.Debug|x64.ActiveCfg = Debug|Win32
		{6DCA3982-1DC1-4B4A-95FD-2F80D263D3A9}.Debug|x86.ActiveCfg = Debug|Win32
		{6DCA3982-1DC1-4B4A-95FD-2F80D263D3A9}.Debug|x86.Build.0 = Debug|Win32
		{6DCA3982-1DC1-4B4A-95FD-2F80D263D3A9}.Release|Any CPU.ActiveCfg = Release|Win32
		{6DCA3982-1DC1-4B4A-95FD-2F80D263D3A9}.Release|Mixed Platforms.ActiveCfg = Release|Win32
		{6DCA3982-1DC1-4B4A-95FD-2F80D263D3A9}.Release|Mixed Platforms.Build.0 = Release|Win32
		{6DCA3982-1DC1-4B4A-95FD-2F80D263D3A9}.Release|x64.ActiveCfg = Release|Win32
		{6DCA3982-1DC1-4B4A-95FD-2F80D263D3A9}.Release|x86.ActiveCfg = Release|Win32
		{6DCA3982-1DC1-4B4A-95FD-2F80D263D3A9}.Release|x86.Build.0 = Release|Win32
		{521FEEB5-DE7C-4A30-83A6-F0ED953C41B6}.Debug|Any CPU.ActiveCfg = Debug|Win32
		{521FEEB5-DE7C-4A30-83A6-F0ED953C41B6}.Debug|Mixed Platforms.ActiveCfg = Debug|Win32
		{521FEEB5-DE7C-4A30-83A6-F0ED953C41B6}.Debug|Mixed Platforms.Build.0 = Debug|Win32
		{521FEEB5-DE7C-4A30-83A6-F0ED953C41B6}.Debug|x64.ActiveCfg = Debug|Win32
		{521FEEB5-DE7C-4A30-83A6-F0ED953C41B6}.Debug|x86.ActiveCfg = Debug|Win32
		{521FEEB5-DE7C-4A30-83A6-F0ED953C41B6}.Debug|x86.Build.0 = Debug|Win32
		{521FEEB5-DE7C-4A30-83A6-F0ED953C41B6}.Release|Any CPU.ActiveCfg = Release|Win32
		{521FEEB5-DE7C-4A30-83A6-F0ED953C41B6}.Release|Mixed Platforms.ActiveCfg = Release|Win32
		{521FEEB5-DE7C-4A30-83A6-F0ED953C41B6}.Release|Mixed Platforms.Build.0 = Release|Win32
		{521FEEB5-DE7C-4A30-83A6-F0ED953C41B6}.Release|x64.ActiveCfg = Release|Win32
		{521FEEB5-DE7C-4A30-83A6-F0ED953C41B6}.Release|x86.ActiveCfg = Release|Win32
		{521FEEB5-DE7C-4A30-83A6-F0ED953C41B6}.Release|x86.Build.0 = Release|Win32
		{B938A7D8-20DE-43BE-9921-E9B5AF66FEF8}.Debug|Any CPU.ActiveCfg = Debug|Win32
		{B938A7D8-20DE-43BE-9921-E9B5AF66FEF8}.Debug|Mixed Platforms.ActiveCfg = Debug|Win32
		{B938A7D8-20DE-43BE-9921-E9B5AF66FEF8}.Debug|Mixed Platforms.Build.0 = Debug|Win32
		{B938A7D8-20DE-43BE-9921-E9B5AF66FEF8}.Debug|x64.ActiveCfg = Debug|Win32
		{B938A7D8-20DE-43BE-9921-E9B5AF66FEF8}.Debug|x86.ActiveCfg = Debug|Win32
		{B938A7D8-20DE-43BE-9921-E9B5AF66FEF8}.Debug|x86.Build.0 = Debug|Win32
		{B938A7D8-20DE-43BE-9921-E9B5AF66FEF8}.Release|Any CPU.ActiveCfg = Release|Win32
		{B938A7D8-20DE-43BE-9921-E9B5AF66FEF8}.Release|Mixed Platforms.ActiveCfg = Release|Win32
		{B938A7D8-20DE-43BE-9921-E9B5AF66FEF8}.Release|Mixed Platforms.Build.0 = Release|Win32
		{B938A7D8-20DE-43BE-9921-E9B5AF66FEF8}.Release|x64.ActiveCfg = Release|Win32
		{B938A7D8-20DE-43BE-9921-E9B5AF66FEF8}.Release|x86.ActiveCfg = Release|Win32
		{B938A7D8-20DE-43BE-9921-E9B5AF66FEF8}.Release|x86.Build.0 = Release|Win32
		{FEB2D760-5711-42AD-993F-D6512FEE4216}.Debug|Any CPU.ActiveCfg = Debug|Win32
		{FEB2D760-5711-42AD-993F-D6512FEE4216}.Debug|Mixed Platforms.ActiveCfg = Debug|Win32
		{FEB2D760-5711-42AD-993F-D6512FEE4216}.Debug|Mixed Platforms.Build.0 = Debug|Win32
		{FEB2D760-5711-42AD-993F-D6512FEE4216}.Debug|x64.ActiveCfg = Debug|Win32
		{FEB2D760-5711-42AD-993F-D6512FEE4216}.Debug|x86.ActiveCfg = Debug|Win32
		{FEB2D760-5711-42AD-993F-D6512FEE4216}.Debug|x86.Build.0 = Debug|Win32
		{FEB2D760-5711-42AD-993F-D6512FEE4216}.Release|Any CPU.ActiveCfg = Release|Win32
		{FEB2D760-5711-42AD-993F-D6512FEE4216}.Release|Mixed Platforms.ActiveCfg = Release|Win32
		{FEB2D760-5711-42AD-993F-D6512FEE4216}.Release|Mixed Platforms.Build.0 = Release|Win32
		{FEB2D760-5711-42AD-993F-D6512FEE4216}.Release|x64.ActiveCfg = Release|Win32
		{FEB2D760-5711-42AD-993F-D6512FEE4216}.Release|x86.ActiveCfg = Release|Win32
		{FEB2D760-5711-42AD-993F-D6512FEE4216}.Release|x86.Build.0 = Release|Win32
		{06ADAB15-B0E2-464E-80A9-F6FA231FD0DF}.Debug|Any CPU.ActiveCfg = Debug|Win32
		{06ADAB15-B0E2-464E-80A9-F6FA231FD0DF}.Debug|Mixed Platforms.ActiveCfg = Debug|Win32
		{06ADAB15-B0E2-464E-80A9-F6FA231FD0DF}.Debug|Mixed Platforms.Build.0 = Debug|Win32
		{06ADAB15-B0E2-464E-80A9-F6FA231FD0DF}.Debug|x64.ActiveCfg = Debug|Win32
		{06ADAB15-B0E2-464E-80A9-F6FA231FD0DF}.Debug|x86.ActiveCfg = Debug|Win32
		{06ADAB15-B0E2-464E-80A9-F6FA231FD0DF}.Debug|x86.Build.0 = Debug|Win32
		{06ADAB15-B0E2-464E-80A9-F6FA231FD0DF}.Release|Any CPU.ActiveCfg = Release|Win32
		{06ADAB15-B0E2-464E-80A9-F6FA231FD0DF}.Release|Mixed Platforms.ActiveCfg = Release|Win32
		{06ADAB15-B0E2-464E-80A9-F6FA231FD0DF}.Release|Mixed Platforms.Build.0 = Release|Win32
		{06ADAB15-B0E2-464E-80A9-F6FA231FD0DF}.Release|x64.ActiveCfg = Release|Win32
		{06ADAB15-B0E2-464E-80A9-F6FA231FD0DF}.Release|x86.ActiveCfg = Release|Win32
		{06ADAB15-B0E2-464E-80A9-F6FA231FD0DF}.Release|x86.Build.0 = Release|Win32
		{49B06E36-40B2-4A22-91CC-0FCE51273D22}.Debug|Any CPU.ActiveCfg = Debug|Any CPU
		{49B06E36-40B2-4A22-91CC-0FCE51273D22}.Debug|Any CPU.Build.0 = Debug|Any CPU
		{49B06E36-40B2-4A22-91CC-0FCE51273D22}.Debug|Mixed Platforms.ActiveCfg = Debug|Any CPU
		{49B06E36-40B2-4A22-91CC-0FCE51273D22}.Debug|Mixed Platforms.Build.0 = Debug|Any CPU
		{49B06E36-40B2-4A22-91CC-0FCE51273D22}.Debug|x64.ActiveCfg = Debug|Any CPU
		{49B06E36-40B2-4A22-91CC-0FCE51273D22}.Debug|x64.Build.0 = Debug|Any CPU
		{49B06E36-40B2-4A22-91CC-0FCE51273D22}.Debug|x86.ActiveCfg = Debug|Any CPU
		{49B06E36-40B2-4A22-91CC-0FCE51273D22}.Debug|x86.Build.0 = Debug|Any CPU
		{49B06E36-40B2-4A22-91CC-0FCE51273D22}.Release|Any CPU.ActiveCfg = Release|Any CPU
		{49B06E36-40B2-4A22-91CC-0FCE51273D22}.Release|Any CPU.Build.0 = Release|Any CPU
		{49B06E36-40B2-4A22-91CC-0FCE51273D22}.Release|Mixed Platforms.ActiveCfg = Release|Any CPU
		{49B06E36-40B2-4A22-91CC-0FCE51273D22}.Release|Mixed Platforms.Build.0 = Release|Any CPU
		{49B06E36-40B2-4A22-91CC-0FCE51273D22}.Release|x64.ActiveCfg = Release|Any CPU
		{49B06E36-40B2-4A22-91CC-0FCE51273D22}.Release|x64.Build.0 = Release|Any CPU
		{49B06E36-40B2-4A22-91CC-0FCE51273D22}.Release|x86.ActiveCfg = Release|Any CPU
		{49B06E36-40B2-4A22-91CC-0FCE51273D22}.Release|x86.Build.0 = Release|Any CPU
		{71D48D98-DE64-4EBE-8C97-5C6A9C1FDC07}.Debug|Any CPU.ActiveCfg = Debug|Any CPU
		{71D48D98-DE64-4EBE-8C97-5C6A9C1FDC07}.Debug|Any CPU.Build.0 = Debug|Any CPU
		{71D48D98-DE64-4EBE-8C97-5C6A9C1FDC07}.Debug|Mixed Platforms.ActiveCfg = Debug|Any CPU
		{71D48D98-DE64-4EBE-8C97-5C6A9C1FDC07}.Debug|Mixed Platforms.Build.0 = Debug|Any CPU
		{71D48D98-DE64-4EBE-8C97-5C6A9C1FDC07}.Debug|x64.ActiveCfg = Debug|Any CPU
		{71D48D98-DE64-4EBE-8C97-5C6A9C1FDC07}.Debug|x64.Build.0 = Debug|Any CPU
		{71D48D98-DE64-4EBE-8C97-5C6A9C1FDC07}.Debug|x86.ActiveCfg = Debug|Any CPU
		{71D48D98-DE64-4EBE-8C97-5C6A9C1FDC07}.Debug|x86.Build.0 = Debug|Any CPU
		{71D48D98-DE64-4EBE-8C97-5C6A9C1FDC07}.Release|Any CPU.ActiveCfg = Release|Any CPU
		{71D48D98-DE64-4EBE-8C97-5C6A9C1FDC07}.Release|Any CPU.Build.0 = Release|Any CPU
		{71D48D98-DE64-4EBE-8C97-5C6A9C1FDC07}.Release|Mixed Platforms.ActiveCfg = Release|Any CPU
		{71D48D98-DE64-4EBE-8C97-5C6A9C1FDC07}.Release|Mixed Platforms.Build.0 = Release|Any CPU
		{71D48D98-DE64-4EBE-8C97-5C6A9C1FDC07}.Release|x64.ActiveCfg = Release|Any CPU
		{71D48D98-DE64-4EBE-8C97-5C6A9C1FDC07}.Release|x64.Build.0 = Release|Any CPU
		{71D48D98-DE64-4EBE-8C97-5C6A9C1FDC07}.Release|x86.ActiveCfg = Release|Any CPU
		{71D48D98-DE64-4EBE-8C97-5C6A9C1FDC07}.Release|x86.Build.0 = Release|Any CPU
		{9B922B0B-5595-4E05-8270-F63FAAA6C299}.Debug|Any CPU.ActiveCfg = Debug|Any CPU
		{9B922B0B-5595-4E05-8270-F63FAAA6C299}.Debug|Any CPU.Build.0 = Debug|Any CPU
		{9B922B0B-5595-4E05-8270-F63FAAA6C299}.Debug|Mixed Platforms.ActiveCfg = Debug|Any CPU
		{9B922B0B-5595-4E05-8270-F63FAAA6C299}.Debug|Mixed Platforms.Build.0 = Debug|Any CPU
		{9B922B0B-5595-4E05-8270-F63FAAA6C299}.Debug|x64.ActiveCfg = Debug|Any CPU
		{9B922B0B-5595-4E05-8270-F63FAAA6C299}.Debug|x64.Build.0 = Debug|Any CPU
		{9B922B0B-5595-4E05-8270-F63FAAA6C299}.Debug|x86.ActiveCfg = Debug|Any CPU
		{9B922B0B-5595-4E05-8270-F63FAAA6C299}.Release|Any CPU.ActiveCfg = Release|Any CPU
		{9B922B0B-5595-4E05-8270-F63FAAA6C299}.Release|Any CPU.Build.0 = Release|Any CPU
		{9B922B0B-5595-4E05-8270-F63FAAA6C299}.Release|Mixed Platforms.ActiveCfg = Release|Any CPU
		{9B922B0B-5595-4E05-8270-F63FAAA6C299}.Release|Mixed Platforms.Build.0 = Release|Any CPU
		{9B922B0B-5595-4E05-8270-F63FAAA6C299}.Release|x64.ActiveCfg = Release|Any CPU
		{9B922B0B-5595-4E05-8270-F63FAAA6C299}.Release|x64.Build.0 = Release|Any CPU
		{9B922B0B-5595-4E05-8270-F63FAAA6C299}.Release|x86.ActiveCfg = Release|Any CPU
		{0FA9C3A8-452B-41EF-A418-9102B170F49F}.Debug|Any CPU.ActiveCfg = Debug|Win32
		{0FA9C3A8-452B-41EF-A418-9102B170F49F}.Debug|Mixed Platforms.ActiveCfg = Debug|Win32
		{0FA9C3A8-452B-41EF-A418-9102B170F49F}.Debug|Mixed Platforms.Build.0 = Debug|Win32
		{0FA9C3A8-452B-41EF-A418-9102B170F49F}.Debug|x64.ActiveCfg = Debug|Win32
		{0FA9C3A8-452B-41EF-A418-9102B170F49F}.Debug|x86.ActiveCfg = Debug|Win32
		{0FA9C3A8-452B-41EF-A418-9102B170F49F}.Debug|x86.Build.0 = Debug|Win32
		{0FA9C3A8-452B-41EF-A418-9102B170F49F}.Release|Any CPU.ActiveCfg = Release|Win32
		{0FA9C3A8-452B-41EF-A418-9102B170F49F}.Release|Mixed Platforms.ActiveCfg = Release|Win32
		{0FA9C3A8-452B-41EF-A418-9102B170F49F}.Release|Mixed Platforms.Build.0 = Release|Win32
		{0FA9C3A8-452B-41EF-A418-9102B170F49F}.Release|x64.ActiveCfg = Release|Win32
		{0FA9C3A8-452B-41EF-A418-9102B170F49F}.Release|x86.ActiveCfg = Release|Win32
		{0FA9C3A8-452B-41EF-A418-9102B170F49F}.Release|x86.Build.0 = Release|Win32
		{08F50A45-B862-4E06-BEEE-4283780615F8}.Debug|Any CPU.ActiveCfg = Debug|Win32
		{08F50A45-B862-4E06-BEEE-4283780615F8}.Debug|Mixed Platforms.ActiveCfg = Debug|Win32
		{08F50A45-B862-4E06-BEEE-4283780615F8}.Debug|Mixed Platforms.Build.0 = Debug|Win32
		{08F50A45-B862-4E06-BEEE-4283780615F8}.Debug|x64.ActiveCfg = Debug|Win32
		{08F50A45-B862-4E06-BEEE-4283780615F8}.Debug|x86.ActiveCfg = Debug|Win32
		{08F50A45-B862-4E06-BEEE-4283780615F8}.Debug|x86.Build.0 = Debug|Win32
		{08F50A45-B862-4E06-BEEE-4283780615F8}.Release|Any CPU.ActiveCfg = Release|Win32
		{08F50A45-B862-4E06-BEEE-4283780615F8}.Release|Mixed Platforms.ActiveCfg = Release|Win32
		{08F50A45-B862-4E06-BEEE-4283780615F8}.Release|Mixed Platforms.Build.0 = Release|Win32
		{08F50A45-B862-4E06-BEEE-4283780615F8}.Release|x64.ActiveCfg = Release|Win32
		{08F50A45-B862-4E06-BEEE-4283780615F8}.Release|x86.ActiveCfg = Release|Win32
		{08F50A45-B862-4E06-BEEE-4283780615F8}.Release|x86.Build.0 = Release|Win32
		{EC8A562E-211D-4371-9961-23C7409CB70C}.Debug|Any CPU.ActiveCfg = Debug|Win32
		{EC8A562E-211D-4371-9961-23C7409CB70C}.Debug|Mixed Platforms.ActiveCfg = Debug|Win32
		{EC8A562E-211D-4371-9961-23C7409CB70C}.Debug|Mixed Platforms.Build.0 = Debug|Win32
		{EC8A562E-211D-4371-9961-23C7409CB70C}.Debug|x64.ActiveCfg = Debug|Win32
		{EC8A562E-211D-4371-9961-23C7409CB70C}.Debug|x86.ActiveCfg = Debug|Win32
		{EC8A562E-211D-4371-9961-23C7409CB70C}.Debug|x86.Build.0 = Debug|Win32
		{EC8A562E-211D-4371-9961-23C7409CB70C}.Release|Any CPU.ActiveCfg = Release|Win32
		{EC8A562E-211D-4371-9961-23C7409CB70C}.Release|Mixed Platforms.ActiveCfg = Release|Win32
		{EC8A562E-211D-4371-9961-23C7409CB70C}.Release|Mixed Platforms.Build.0 = Release|Win32
		{EC8A562E-211D-4371-9961-23C7409CB70C}.Release|x64.ActiveCfg = Release|Win32
		{EC8A562E-211D-4371-9961-23C7409CB70C}.Release|x86.ActiveCfg = Release|Win32
		{EC8A562E-211D-4371-9961-23C7409CB70C}.Release|x86.Build.0 = Release|Win32
		{719BC75F-CAD4-4AA2-A202-10BDB5331DC3}.Debug|Any CPU.ActiveCfg = Debug|Win32
		{719BC75F-CAD4-4AA2-A202-10BDB5331DC3}.Debug|Mixed Platforms.ActiveCfg = Debug|Win32
		{719BC75F-CAD4-4AA2-A202-10BDB5331DC3}.Debug|Mixed Platforms.Build.0 = Debug|Win32
		{719BC75F-CAD4-4AA2-A202-10BDB5331DC3}.Debug|x64.ActiveCfg = Debug|x64
		{719BC75F-CAD4-4AA2-A202-10BDB5331DC3}.Debug|x64.Build.0 = Debug|x64
		{719BC75F-CAD4-4AA2-A202-10BDB5331DC3}.Debug|x86.ActiveCfg = Debug|Win32
		{719BC75F-CAD4-4AA2-A202-10BDB5331DC3}.Debug|x86.Build.0 = Debug|Win32
		{719BC75F-CAD4-4AA2-A202-10BDB5331DC3}.Release|Any CPU.ActiveCfg = Release|Win32
		{719BC75F-CAD4-4AA2-A202-10BDB5331DC3}.Release|Mixed Platforms.ActiveCfg = Release|Win32
		{719BC75F-CAD4-4AA2-A202-10BDB5331DC3}.Release|Mixed Platforms.Build.0 = Release|Win32
		{719BC75F-CAD4-4AA2-A202-10BDB5331DC3}.Release|x64.ActiveCfg = Release|x64
		{719BC75F-CAD4-4AA2-A202-10BDB5331DC3}.Release|x64.Build.0 = Release|x64
		{719BC75F-CAD4-4AA2-A202-10BDB5331DC3}.Release|x86.ActiveCfg = Release|Win32
		{719BC75F-CAD4-4AA2-A202-10BDB5331DC3}.Release|x86.Build.0 = Release|Win32
		{46ADCAAC-A212-4F48-9140-F567C56DB885}.Debug|Any CPU.ActiveCfg = Debug|Win32
		{46ADCAAC-A212-4F48-9140-F567C56DB885}.Debug|Mixed Platforms.ActiveCfg = Debug|Win32
		{46ADCAAC-A212-4F48-9140-F567C56DB885}.Debug|Mixed Platforms.Build.0 = Debug|Win32
		{46ADCAAC-A212-4F48-9140-F567C56DB885}.Debug|x64.ActiveCfg = Debug|Win32
		{46ADCAAC-A212-4F48-9140-F567C56DB885}.Debug|x86.ActiveCfg = Debug|Win32
		{46ADCAAC-A212-4F48-9140-F567C56DB885}.Debug|x86.Build.0 = Debug|Win32
		{46ADCAAC-A212-4F48-9140-F567C56DB885}.Release|Any CPU.ActiveCfg = Release|Win32
		{46ADCAAC-A212-4F48-9140-F567C56DB885}.Release|Mixed Platforms.ActiveCfg = Release|Win32
		{46ADCAAC-A212-4F48-9140-F567C56DB885}.Release|Mixed Platforms.Build.0 = Release|Win32
		{46ADCAAC-A212-4F48-9140-F567C56DB885}.Release|x64.ActiveCfg = Release|Win32
		{46ADCAAC-A212-4F48-9140-F567C56DB885}.Release|x86.ActiveCfg = Release|Win32
		{46ADCAAC-A212-4F48-9140-F567C56DB885}.Release|x86.Build.0 = Release|Win32
		{7D4A2004-D4D2-4D82-9966-A1A7D8CEAF8A}.Debug|Any CPU.ActiveCfg = Debug|Win32
		{7D4A2004-D4D2-4D82-9966-A1A7D8CEAF8A}.Debug|Mixed Platforms.ActiveCfg = Debug|Win32
		{7D4A2004-D4D2-4D82-9966-A1A7D8CEAF8A}.Debug|Mixed Platforms.Build.0 = Debug|Win32
		{7D4A2004-D4D2-4D82-9966-A1A7D8CEAF8A}.Debug|x64.ActiveCfg = Debug|Win32
		{7D4A2004-D4D2-4D82-9966-A1A7D8CEAF8A}.Debug|x86.ActiveCfg = Debug|Win32
		{7D4A2004-D4D2-4D82-9966-A1A7D8CEAF8A}.Debug|x86.Build.0 = Debug|Win32
		{7D4A2004-D4D2-4D82-9966-A1A7D8CEAF8A}.Release|Any CPU.ActiveCfg = Release|Win32
		{7D4A2004-D4D2-4D82-9966-A1A7D8CEAF8A}.Release|Mixed Platforms.ActiveCfg = Release|Win32
		{7D4A2004-D4D2-4D82-9966-A1A7D8CEAF8A}.Release|Mixed Platforms.Build.0 = Release|Win32
		{7D4A2004-D4D2-4D82-9966-A1A7D8CEAF8A}.Release|x64.ActiveCfg = Release|Win32
		{7D4A2004-D4D2-4D82-9966-A1A7D8CEAF8A}.Release|x86.ActiveCfg = Release|Win32
		{7D4A2004-D4D2-4D82-9966-A1A7D8CEAF8A}.Release|x86.Build.0 = Release|Win32
		{85294E9E-4400-4F4F-A2EC-225F607B5C92}.Debug|Any CPU.ActiveCfg = Debug|Win32
		{85294E9E-4400-4F4F-A2EC-225F607B5C92}.Debug|Mixed Platforms.ActiveCfg = Debug|Win32
		{85294E9E-4400-4F4F-A2EC-225F607B5C92}.Debug|Mixed Platforms.Build.0 = Debug|Win32
		{85294E9E-4400-4F4F-A2EC-225F607B5C92}.Debug|x64.ActiveCfg = Debug|Win32
		{85294E9E-4400-4F4F-A2EC-225F607B5C92}.Debug|x86.ActiveCfg = Debug|Win32
		{85294E9E-4400-4F4F-A2EC-225F607B5C92}.Debug|x86.Build.0 = Debug|Win32
		{85294E9E-4400-4F4F-A2EC-225F607B5C92}.Release|Any CPU.ActiveCfg = Release|Win32
		{85294E9E-4400-4F4F-A2EC-225F607B5C92}.Release|Mixed Platforms.ActiveCfg = Release|Win32
		{85294E9E-4400-4F4F-A2EC-225F607B5C92}.Release|Mixed Platforms.Build.0 = Release|Win32
		{85294E9E-4400-4F4F-A2EC-225F607B5C92}.Release|x64.ActiveCfg = Release|Win32
		{85294E9E-4400-4F4F-A2EC-225F607B5C92}.Release|x86.ActiveCfg = Release|Win32
		{85294E9E-4400-4F4F-A2EC-225F607B5C92}.Release|x86.Build.0 = Release|Win32
		{AF2320D3-CD6A-413B-8F1A-041B9CA14731}.Debug|Any CPU.ActiveCfg = Debug|Any CPU
		{AF2320D3-CD6A-413B-8F1A-041B9CA14731}.Debug|Any CPU.Build.0 = Debug|Any CPU
		{AF2320D3-CD6A-413B-8F1A-041B9CA14731}.Debug|Mixed Platforms.ActiveCfg = Debug|Any CPU
		{AF2320D3-CD6A-413B-8F1A-041B9CA14731}.Debug|Mixed Platforms.Build.0 = Debug|Any CPU
		{AF2320D3-CD6A-413B-8F1A-041B9CA14731}.Debug|x64.ActiveCfg = Debug|Any CPU
		{AF2320D3-CD6A-413B-8F1A-041B9CA14731}.Debug|x64.Build.0 = Debug|Any CPU
		{AF2320D3-CD6A-413B-8F1A-041B9CA14731}.Debug|x86.ActiveCfg = Debug|Any CPU
		{AF2320D3-CD6A-413B-8F1A-041B9CA14731}.Debug|x86.Build.0 = Debug|Any CPU
		{AF2320D3-CD6A-413B-8F1A-041B9CA14731}.Release|Any CPU.ActiveCfg = Release|Any CPU
		{AF2320D3-CD6A-413B-8F1A-041B9CA14731}.Release|Any CPU.Build.0 = Release|Any CPU
		{AF2320D3-CD6A-413B-8F1A-041B9CA14731}.Release|Mixed Platforms.ActiveCfg = Release|Any CPU
		{AF2320D3-CD6A-413B-8F1A-041B9CA14731}.Release|Mixed Platforms.Build.0 = Release|Any CPU
		{AF2320D3-CD6A-413B-8F1A-041B9CA14731}.Release|x64.ActiveCfg = Release|Any CPU
		{AF2320D3-CD6A-413B-8F1A-041B9CA14731}.Release|x64.Build.0 = Release|Any CPU
		{AF2320D3-CD6A-413B-8F1A-041B9CA14731}.Release|x86.ActiveCfg = Release|Any CPU
		{AF2320D3-CD6A-413B-8F1A-041B9CA14731}.Release|x86.Build.0 = Release|Any CPU
		{FBD0A01F-8BE5-451E-BC73-140A86C4F3CE}.Debug|Any CPU.ActiveCfg = Debug|Any CPU
		{FBD0A01F-8BE5-451E-BC73-140A86C4F3CE}.Debug|Any CPU.Build.0 = Debug|Any CPU
		{FBD0A01F-8BE5-451E-BC73-140A86C4F3CE}.Debug|Mixed Platforms.ActiveCfg = Debug|Any CPU
		{FBD0A01F-8BE5-451E-BC73-140A86C4F3CE}.Debug|Mixed Platforms.Build.0 = Debug|Any CPU
		{FBD0A01F-8BE5-451E-BC73-140A86C4F3CE}.Debug|x64.ActiveCfg = Debug|Any CPU
		{FBD0A01F-8BE5-451E-BC73-140A86C4F3CE}.Debug|x64.Build.0 = Debug|Any CPU
		{FBD0A01F-8BE5-451E-BC73-140A86C4F3CE}.Debug|x86.ActiveCfg = Debug|Any CPU
		{FBD0A01F-8BE5-451E-BC73-140A86C4F3CE}.Debug|x86.Build.0 = Debug|Any CPU
		{FBD0A01F-8BE5-451E-BC73-140A86C4F3CE}.Release|Any CPU.ActiveCfg = Release|Any CPU
		{FBD0A01F-8BE5-451E-BC73-140A86C4F3CE}.Release|Any CPU.Build.0 = Release|Any CPU
		{FBD0A01F-8BE5-451E-BC73-140A86C4F3CE}.Release|Mixed Platforms.ActiveCfg = Release|Any CPU
		{FBD0A01F-8BE5-451E-BC73-140A86C4F3CE}.Release|Mixed Platforms.Build.0 = Release|Any CPU
		{FBD0A01F-8BE5-451E-BC73-140A86C4F3CE}.Release|x64.ActiveCfg = Release|Any CPU
		{FBD0A01F-8BE5-451E-BC73-140A86C4F3CE}.Release|x64.Build.0 = Release|Any CPU
		{FBD0A01F-8BE5-451E-BC73-140A86C4F3CE}.Release|x86.ActiveCfg = Release|Any CPU
		{FBD0A01F-8BE5-451E-BC73-140A86C4F3CE}.Release|x86.Build.0 = Release|Any CPU
		{BD81E59B-97AA-4127-9F3C-C9B11937BE76}.Debug|Any CPU.ActiveCfg = Debug|Win32
		{BD81E59B-97AA-4127-9F3C-C9B11937BE76}.Debug|Mixed Platforms.ActiveCfg = Debug|Win32
		{BD81E59B-97AA-4127-9F3C-C9B11937BE76}.Debug|Mixed Platforms.Build.0 = Debug|Win32
		{BD81E59B-97AA-4127-9F3C-C9B11937BE76}.Debug|x64.ActiveCfg = Debug|Win32
		{BD81E59B-97AA-4127-9F3C-C9B11937BE76}.Debug|x86.ActiveCfg = Debug|Win32
		{BD81E59B-97AA-4127-9F3C-C9B11937BE76}.Debug|x86.Build.0 = Debug|Win32
		{BD81E59B-97AA-4127-9F3C-C9B11937BE76}.Release|Any CPU.ActiveCfg = Release|Win32
		{BD81E59B-97AA-4127-9F3C-C9B11937BE76}.Release|Mixed Platforms.ActiveCfg = Release|Win32
		{BD81E59B-97AA-4127-9F3C-C9B11937BE76}.Release|Mixed Platforms.Build.0 = Release|Win32
		{BD81E59B-97AA-4127-9F3C-C9B11937BE76}.Release|x64.ActiveCfg = Release|Win32
		{BD81E59B-97AA-4127-9F3C-C9B11937BE76}.Release|x86.ActiveCfg = Release|Win32
		{BD81E59B-97AA-4127-9F3C-C9B11937BE76}.Release|x86.Build.0 = Release|Win32
		{BD68CBB6-C244-4BAE-A3A4-B740477E5CB8}.Debug|Any CPU.ActiveCfg = Debug|Win32
		{BD68CBB6-C244-4BAE-A3A4-B740477E5CB8}.Debug|Mixed Platforms.ActiveCfg = Debug|Win32
		{BD68CBB6-C244-4BAE-A3A4-B740477E5CB8}.Debug|Mixed Platforms.Build.0 = Debug|Win32
		{BD68CBB6-C244-4BAE-A3A4-B740477E5CB8}.Debug|x64.ActiveCfg = Debug|Win32
		{BD68CBB6-C244-4BAE-A3A4-B740477E5CB8}.Debug|x86.ActiveCfg = Debug|Win32
		{BD68CBB6-C244-4BAE-A3A4-B740477E5CB8}.Debug|x86.Build.0 = Debug|Win32
		{BD68CBB6-C244-4BAE-A3A4-B740477E5CB8}.Release|Any CPU.ActiveCfg = Release|Win32
		{BD68CBB6-C244-4BAE-A3A4-B740477E5CB8}.Release|Mixed Platforms.ActiveCfg = Release|Win32
		{BD68CBB6-C244-4BAE-A3A4-B740477E5CB8}.Release|Mixed Platforms.Build.0 = Release|Win32
		{BD68CBB6-C244-4BAE-A3A4-B740477E5CB8}.Release|x64.ActiveCfg = Release|Win32
		{BD68CBB6-C244-4BAE-A3A4-B740477E5CB8}.Release|x86.ActiveCfg = Release|Win32
		{BD68CBB6-C244-4BAE-A3A4-B740477E5CB8}.Release|x86.Build.0 = Release|Win32
		{25EAFC9B-E859-4AE6-A74F-FE9641A184C1}.Debug|Any CPU.ActiveCfg = Debug|Win32
		{25EAFC9B-E859-4AE6-A74F-FE9641A184C1}.Debug|Mixed Platforms.ActiveCfg = Debug|Win32
		{25EAFC9B-E859-4AE6-A74F-FE9641A184C1}.Debug|Mixed Platforms.Build.0 = Debug|Win32
		{25EAFC9B-E859-4AE6-A74F-FE9641A184C1}.Debug|x64.ActiveCfg = Debug|Win32
		{25EAFC9B-E859-4AE6-A74F-FE9641A184C1}.Debug|x86.ActiveCfg = Debug|Win32
		{25EAFC9B-E859-4AE6-A74F-FE9641A184C1}.Debug|x86.Build.0 = Debug|Win32
		{25EAFC9B-E859-4AE6-A74F-FE9641A184C1}.Release|Any CPU.ActiveCfg = Release|Win32
		{25EAFC9B-E859-4AE6-A74F-FE9641A184C1}.Release|Mixed Platforms.ActiveCfg = Release|Win32
		{25EAFC9B-E859-4AE6-A74F-FE9641A184C1}.Release|Mixed Platforms.Build.0 = Release|Win32
		{25EAFC9B-E859-4AE6-A74F-FE9641A184C1}.Release|x64.ActiveCfg = Release|Win32
		{25EAFC9B-E859-4AE6-A74F-FE9641A184C1}.Release|x86.ActiveCfg = Release|Win32
		{25EAFC9B-E859-4AE6-A74F-FE9641A184C1}.Release|x86.Build.0 = Release|Win32
	EndGlobalSection
	GlobalSection(SolutionProperties) = preSolution
		HideSolutionNode = FALSE
	EndGlobalSection
EndGlobal
